
Microsoft Visual Studio Solution File, Format Version 12.00
# Visual Studio Version 16
VisualStudioVersion = 16.0.33328.57
MinimumVisualStudioVersion = 10.0.40219.1
Project("{8BC9CEB8-8B4A-11D0-8D11-00A0C91BC942}") = "1BasicTextService", "1BasicTextService\1BasicTextService.vcxproj", "{FD77AC98-5EF4-4758-A6FB-E8E114FE6E68}"
EndProject
Project("{8BC9CEB8-8B4A-11D0-8D11-00A0C91BC942}") = "2TrackFocus", "2TrackFocus\2TrackFocus.vcxproj", "{021962D4-8724-49F5-84EB-96A5D263465B}"
EndProject
Project("{8BC9CEB8-8B4A-11D0-8D11-00A0C91BC942}") = "3TrackTextChange", "3TrackTextChange\3TrackTextChange.vcxproj", "{1C6C0967-2F16-48E5-B82F-F57BA2EA4FEB}"
EndProject
Project("{8BC9CEB8-8B4A-11D0-8D11-00A0C91BC942}") = "4IconInLanguageBar", "4IconInLanguageBar\4IconInLanguageBar.vcxproj", "{DCCE7474-9E89-43BB-8FEF-5813A445EDC3}"
EndProject
Global
	GlobalSection(SolutionConfigurationPlatforms) = preSolution
		Debug|x64 = Debug|x64
		Debug|x86 = Debug|x86
		Release|x64 = Release|x64
		Release|x86 = Release|x86
	EndGlobalSection
	GlobalSection(ProjectConfigurationPlatforms) = postSolution
		{FD77AC98-5EF4-4758-A6FB-E8E114FE6E68}.Debug|x64.ActiveCfg = Debug|x64
		{FD77AC98-5EF4-4758-A6FB-E8E114FE6E68}.Debug|x64.Build.0 = Debug|x64
		{FD77AC98-5EF4-4758-A6FB-E8E114FE6E68}.Debug|x86.ActiveCfg = Debug|Win32
		{FD77AC98-5EF4-4758-A6FB-E8E114FE6E68}.Debug|x86.Build.0 = Debug|Win32
		{FD77AC98-5EF4-4758-A6FB-E8E114FE6E68}.Release|x64.ActiveCfg = Release|x64
		{FD77AC98-5EF4-4758-A6FB-E8E114FE6E68}.Release|x64.Build.0 = Release|x64
		{FD77AC98-5EF4-4758-A6FB-E8E114FE6E68}.Release|x86.ActiveCfg = Release|Win32
		{FD77AC98-5EF4-4758-A6FB-E8E114FE6E68}.Release|x86.Build.0 = Release|Win32
		{021962D4-8724-49F5-84EB-96A5D263465B}.Debug|x64.ActiveCfg = Debug|x64
		{021962D4-8724-49F5-84EB-96A5D263465B}.Debug|x64.Build.0 = Debug|x64
		{021962D4-8724-49F5-84EB-96A5D263465B}.Debug|x86.ActiveCfg = Debug|Win32
		{021962D4-8724-49F5-84EB-96A5D263465B}.Debug|x86.Build.0 = Debug|Win32
		{021962D4-8724-49F5-84EB-96A5D263465B}.Release|x64.ActiveCfg = Release|x64
		{021962D4-8724-49F5-84EB-96A5D263465B}.Release|x64.Build.0 = Release|x64
		{021962D4-8724-49F5-84EB-96A5D263465B}.Release|x86.ActiveCfg = Release|Win32
		{021962D4-8724-49F5-84EB-96A5D263465B}.Release|x86.Build.0 = Release|Win32
		{1C6C0967-2F16-48E5-B82F-F57BA2EA4FEB}.Debug|x64.ActiveCfg = Debug|x64
		{1C6C0967-2F16-48E5-B82F-F57BA2EA4FEB}.Debug|x64.Build.0 = Debug|x64
		{1C6C0967-2F16-48E5-B82F-F57BA2EA4FEB}.Debug|x86.ActiveCfg = Debug|Win32
		{1C6C0967-2F16-48E5-B82F-F57BA2EA4FEB}.Debug|x86.Build.0 = Debug|Win32
		{1C6C0967-2F16-48E5-B82F-F57BA2EA4FEB}.Release|x64.ActiveCfg = Release|x64
		{1C6C0967-2F16-48E5-B82F-F57BA2EA4FEB}.Release|x64.Build.0 = Release|x64
		{1C6C0967-2F16-48E5-B82F-F57BA2EA4FEB}.Release|x86.ActiveCfg = Release|Win32
		{1C6C0967-2F16-48E5-B82F-F57BA2EA4FEB}.Release|x86.Build.0 = Release|Win32
		{DCCE7474-9E89-43BB-8FEF-5813A445EDC3}.Debug|x64.ActiveCfg = Debug|x64
		{DCCE7474-9E89-43BB-8FEF-5813A445EDC3}.Debug|x64.Build.0 = Debug|x64
		{DCCE7474-9E89-43BB-8FEF-5813A445EDC3}.Debug|x86.ActiveCfg = Debug|Win32
		{DCCE7474-9E89-43BB-8FEF-5813A445EDC3}.Debug|x86.Build.0 = Debug|Win32
		{DCCE7474-9E89-43BB-8FEF-5813A445EDC3}.Release|x64.ActiveCfg = Release|x64
		{DCCE7474-9E89-43BB-8FEF-5813A445EDC3}.Release|x64.Build.0 = Release|x64
		{DCCE7474-9E89-43BB-8FEF-5813A445EDC3}.Release|x86.ActiveCfg = Release|Win32
		{DCCE7474-9E89-43BB-8FEF-5813A445EDC3}.Release|x86.Build.0 = Release|Win32
	EndGlobalSection
	GlobalSection(SolutionProperties) = preSolution
		HideSolutionNode = FALSE
	EndGlobalSection
	GlobalSection(ExtensibilityGlobals) = postSolution
		SolutionGuid = {65601DFB-1CB1-4CA2-9E31-1CD1C3D83368}
	EndGlobalSection
EndGlobal
